
Microsoft Visual Studio Solution File, Format Version 12.00
# Visual Studio Version 17
VisualStudioVersion = 17.2.32519.379
MinimumVisualStudioVersion = 10.0.40219.1
Project("{FAE04EC0-301F-11D3-BF4B-00C04F79EFBC}") = "TexConvGuiHelper", "TexConvGuiHelper.csproj", "{C225CF15-4F7A-49D8-A32D-2BD7193D5A3C}"
EndProject
Global
	GlobalSection(SolutionConfigurationPlatforms) = preSolution
		Debug|Any CPU = Debug|Any CPU
		Release|Any CPU = Release|Any CPU
	EndGlobalSection
	GlobalSection(ProjectConfigurationPlatforms) = postSolution
		{C225CF15-4F7A-49D8-A32D-2BD7193D5A3C}.Debug|Any CPU.ActiveCfg = Debug|Any CPU
		{C225CF15-4F7A-49D8-A32D-2BD7193D5A3C}.Debug|Any CPU.Build.0 = Debug|Any CPU
		{C225CF15-4F7A-49D8-A32D-2BD7193D5A3C}.Release|Any CPU.ActiveCfg = Release|Any CPU
		{C225CF15-4F7A-49D8-A32D-2BD7193D5A3C}.Release|Any CPU.Build.0 = Release|Any CPU
	EndGlobalSection
	GlobalSection(SolutionProperties) = preSolution
		HideSolutionNode = FALSE
	EndGlobalSection
	GlobalSection(ExtensibilityGlobals) = postSolution
		SolutionGuid = {9806E170-8C75-48B2-AC20-6AADFDC3BC3F}
	EndGlobalSection
EndGlobal
