
Microsoft Visual Studio Solution File, Format Version 12.00
# Visual Studio Version 17
VisualStudioVersion = 17.2.32519.379
MinimumVisualStudioVersion = 10.0.40219.1
Project("{9A19103F-16F7-4668-BE54-9A1E7A4F7556}") = "TexConvGuiHelper", "TexConvGuiHelper.csproj", "{C225CF15-4F7A-49D8-A32D-2BD7193D5A3C}"
EndProject
Global
	GlobalSection(SolutionConfigurationPlatforms) = preSolution
		Debug|Any CPU = Debug|Any CPU
		Debug|x64 = Debug|x64
		Release|Any CPU = Release|Any CPU
		Release|x64 = Release|x64
	EndGlobalSection
	GlobalSection(ProjectConfigurationPlatforms) = postSolution
		{C225CF15-4F7A-49D8-A32D-2BD7193D5A3C}.Debug|Any CPU.ActiveCfg = Debug|Any CPU
		{C225CF15-4F7A-49D8-A32D-2BD7193D5A3C}.Debug|Any CPU.Build.0 = Debug|Any CPU
		{C225CF15-4F7A-49D8-A32D-2BD7193D5A3C}.Debug|x64.ActiveCfg = Debug|x64
		{C225CF15-4F7A-49D8-A32D-2BD7193D5A3C}.Debug|x64.Build.0 = Debug|x64
		{C225CF15-4F7A-49D8-A32D-2BD7193D5A3C}.Release|Any CPU.ActiveCfg = Release|Any CPU
		{C225CF15-4F7A-49D8-A32D-2BD7193D5A3C}.Release|Any CPU.Build.0 = Release|Any CPU
		{C225CF15-4F7A-49D8-A32D-2BD7193D5A3C}.Release|x64.ActiveCfg = Release|x64
		{C225CF15-4F7A-49D8-A32D-2BD7193D5A3C}.Release|x64.Build.0 = Release|x64
	EndGlobalSection
	GlobalSection(SolutionProperties) = preSolution
		HideSolutionNode = FALSE
	EndGlobalSection
	GlobalSection(ExtensibilityGlobals) = postSolution
		SolutionGuid = {9806E170-8C75-48B2-AC20-6AADFDC3BC3F}
	EndGlobalSection
EndGlobal
